
Microsoft Visual Studio Solution File, Format Version 12.00
# Visual Studio 15
VisualStudioVersion = 15.0.28307.168
MinimumVisualStudioVersion = 10.0.40219.1
Project("{FAE04EC0-301F-11D3-BF4B-00C04F79EFBC}") = "lab 12", "lab 12\lab 12.csproj", "{59DF9FB6-0280-4511-BE81-FFC99FB7FB4F}"
EndProject
Global
	GlobalSection(SolutionConfigurationPlatforms) = preSolution
		Debug|Any CPU = Debug|Any CPU
		Release|Any CPU = Release|Any CPU
	EndGlobalSection
	GlobalSection(ProjectConfigurationPlatforms) = postSolution
		{59DF9FB6-0280-4511-BE81-FFC99FB7FB4F}.Debug|Any CPU.ActiveCfg = Debug|Any CPU
		{59DF9FB6-0280-4511-BE81-FFC99FB7FB4F}.Debug|Any CPU.Build.0 = Debug|Any CPU
		{59DF9FB6-0280-4511-BE81-FFC99FB7FB4F}.Release|Any CPU.ActiveCfg = Release|Any CPU
		{59DF9FB6-0280-4511-BE81-FFC99FB7FB4F}.Release|Any CPU.Build.0 = Release|Any CPU
	EndGlobalSection
	GlobalSection(SolutionProperties) = preSolution
		HideSolutionNode = FALSE
	EndGlobalSection
	GlobalSection(ExtensibilityGlobals) = postSolution
		SolutionGuid = {D3E2DB03-F7B6-452F-9A1B-9258FF5BF42F}
	EndGlobalSection
EndGlobal
